
Microsoft Visual Studio Solution File, Format Version 12.00
# Visual Studio Version 17
VisualStudioVersion = 17.3.32804.467
MinimumVisualStudioVersion = 10.0.40219.1
Project("{2150E333-8FDC-42A3-9474-1A3956D46DE8}") = "Services", "Services", "{7127AD80-BEE8-40EB-8719-07DD5940CD28}"
EndProject
Project("{2150E333-8FDC-42A3-9474-1A3956D46DE8}") = "Catalog", "Catalog", "{92AC89FC-AE5B-49C9-8BFF-FC03BBA9ED89}"
EndProject
Project("{E53339B2-1760-4266-BCC7-CA923CBCF16C}") = "docker-compose", "docker-compose.dcproj", "{902BFB19-9776-42CB-B4DB-F93990735DF8}"
EndProject
Project("{2150E333-8FDC-42A3-9474-1A3956D46DE8}") = "Ordering", "Ordering", "{37F22012-3256-4D58-B24B-AD40AD2BA726}"
EndProject
Project("{9A19103F-16F7-4668-BE54-9A1E7A4F7556}") = "Ordering.Api", "Services\Ordering\Ordering.Api\Ordering.Api.csproj", "{7A8C4F23-E846-414F-8CF5-39A67BF610F7}"
EndProject
Project("{9A19103F-16F7-4668-BE54-9A1E7A4F7556}") = "Ordering.Application", "Services\Ordering\Ordering.Application\Ordering.Application.csproj", "{822F4511-7577-4A39-A91F-5EAD4C01AB84}"
EndProject
Project("{9A19103F-16F7-4668-BE54-9A1E7A4F7556}") = "Ordering.Domain", "Services\Ordering\Ordering.Domain\Ordering.Domain.csproj", "{4D4971A3-1E68-4419-A6AF-FD0050667010}"
EndProject
Project("{9A19103F-16F7-4668-BE54-9A1E7A4F7556}") = "Ordering.Infrastructure", "Services\Ordering\Ordering.Infrastructure\Ordering.Infrastructure.csproj", "{19A186E2-738B-40B8-ACE0-CF307559D94A}"
EndProject
Project("{9A19103F-16F7-4668-BE54-9A1E7A4F7556}") = "Catalog.Api", "Services\Catalog\Catalog.Api\Catalog.Api.csproj", "{88C9C284-045C-4BFD-9DDE-0D1AFF3CE25D}"
EndProject
Project("{2150E333-8FDC-42A3-9474-1A3956D46DE8}") = "Existance", "Existance", "{83C9A770-71D5-4C8B-9CD6-EF394251B471}"
EndProject
Project("{FAE04EC0-301F-11D3-BF4B-00C04F79EFBC}") = "Existance.Grpc", "Services\Existance\Existance.Grpc\Existance.Grpc.csproj", "{38FF2CED-49B0-4CB1-AB63-A3E95EBB7C2C}"
EndProject
Project("{2150E333-8FDC-42A3-9474-1A3956D46DE8}") = "Basket", "Basket", "{4147D9CC-BA94-4681-9D1F-2777D11B3DA3}"
EndProject
Project("{FAE04EC0-301F-11D3-BF4B-00C04F79EFBC}") = "Basket.Api", "Services\Basket\Basket.Api\Basket.Api.csproj", "{23817D29-E64D-4130-BD14-FF14611DDFC4}"
EndProject
Global
	GlobalSection(SolutionConfigurationPlatforms) = preSolution
		Debug|Any CPU = Debug|Any CPU
		Release|Any CPU = Release|Any CPU
	EndGlobalSection
	GlobalSection(ProjectConfigurationPlatforms) = postSolution
		{902BFB19-9776-42CB-B4DB-F93990735DF8}.Debug|Any CPU.ActiveCfg = Debug|Any CPU
		{902BFB19-9776-42CB-B4DB-F93990735DF8}.Debug|Any CPU.Build.0 = Debug|Any CPU
		{902BFB19-9776-42CB-B4DB-F93990735DF8}.Release|Any CPU.ActiveCfg = Release|Any CPU
		{902BFB19-9776-42CB-B4DB-F93990735DF8}.Release|Any CPU.Build.0 = Release|Any CPU
		{7A8C4F23-E846-414F-8CF5-39A67BF610F7}.Debug|Any CPU.ActiveCfg = Debug|Any CPU
		{7A8C4F23-E846-414F-8CF5-39A67BF610F7}.Debug|Any CPU.Build.0 = Debug|Any CPU
		{7A8C4F23-E846-414F-8CF5-39A67BF610F7}.Release|Any CPU.ActiveCfg = Release|Any CPU
		{7A8C4F23-E846-414F-8CF5-39A67BF610F7}.Release|Any CPU.Build.0 = Release|Any CPU
		{822F4511-7577-4A39-A91F-5EAD4C01AB84}.Debug|Any CPU.ActiveCfg = Debug|Any CPU
		{822F4511-7577-4A39-A91F-5EAD4C01AB84}.Debug|Any CPU.Build.0 = Debug|Any CPU
		{822F4511-7577-4A39-A91F-5EAD4C01AB84}.Release|Any CPU.ActiveCfg = Release|Any CPU
		{822F4511-7577-4A39-A91F-5EAD4C01AB84}.Release|Any CPU.Build.0 = Release|Any CPU
		{4D4971A3-1E68-4419-A6AF-FD0050667010}.Debug|Any CPU.ActiveCfg = Debug|Any CPU
		{4D4971A3-1E68-4419-A6AF-FD0050667010}.Debug|Any CPU.Build.0 = Debug|Any CPU
		{4D4971A3-1E68-4419-A6AF-FD0050667010}.Release|Any CPU.ActiveCfg = Release|Any CPU
		{4D4971A3-1E68-4419-A6AF-FD0050667010}.Release|Any CPU.Build.0 = Release|Any CPU
		{19A186E2-738B-40B8-ACE0-CF307559D94A}.Debug|Any CPU.ActiveCfg = Debug|Any CPU
		{19A186E2-738B-40B8-ACE0-CF307559D94A}.Debug|Any CPU.Build.0 = Debug|Any CPU
		{19A186E2-738B-40B8-ACE0-CF307559D94A}.Release|Any CPU.ActiveCfg = Release|Any CPU
		{19A186E2-738B-40B8-ACE0-CF307559D94A}.Release|Any CPU.Build.0 = Release|Any CPU
		{88C9C284-045C-4BFD-9DDE-0D1AFF3CE25D}.Debug|Any CPU.ActiveCfg = Debug|Any CPU
		{88C9C284-045C-4BFD-9DDE-0D1AFF3CE25D}.Debug|Any CPU.Build.0 = Debug|Any CPU
		{88C9C284-045C-4BFD-9DDE-0D1AFF3CE25D}.Release|Any CPU.ActiveCfg = Release|Any CPU
		{88C9C284-045C-4BFD-9DDE-0D1AFF3CE25D}.Release|Any CPU.Build.0 = Release|Any CPU
		{38FF2CED-49B0-4CB1-AB63-A3E95EBB7C2C}.Debug|Any CPU.ActiveCfg = Debug|Any CPU
		{38FF2CED-49B0-4CB1-AB63-A3E95EBB7C2C}.Debug|Any CPU.Build.0 = Debug|Any CPU
		{38FF2CED-49B0-4CB1-AB63-A3E95EBB7C2C}.Release|Any CPU.ActiveCfg = Release|Any CPU
		{38FF2CED-49B0-4CB1-AB63-A3E95EBB7C2C}.Release|Any CPU.Build.0 = Release|Any CPU
		{23817D29-E64D-4130-BD14-FF14611DDFC4}.Debug|Any CPU.ActiveCfg = Debug|Any CPU
		{23817D29-E64D-4130-BD14-FF14611DDFC4}.Debug|Any CPU.Build.0 = Debug|Any CPU
		{23817D29-E64D-4130-BD14-FF14611DDFC4}.Release|Any CPU.ActiveCfg = Release|Any CPU
		{23817D29-E64D-4130-BD14-FF14611DDFC4}.Release|Any CPU.Build.0 = Release|Any CPU
	EndGlobalSection
	GlobalSection(SolutionProperties) = preSolution
		HideSolutionNode = FALSE
	EndGlobalSection
	GlobalSection(NestedProjects) = preSolution
		{92AC89FC-AE5B-49C9-8BFF-FC03BBA9ED89} = {7127AD80-BEE8-40EB-8719-07DD5940CD28}
		{37F22012-3256-4D58-B24B-AD40AD2BA726} = {7127AD80-BEE8-40EB-8719-07DD5940CD28}
		{7A8C4F23-E846-414F-8CF5-39A67BF610F7} = {37F22012-3256-4D58-B24B-AD40AD2BA726}
		{822F4511-7577-4A39-A91F-5EAD4C01AB84} = {37F22012-3256-4D58-B24B-AD40AD2BA726}
		{4D4971A3-1E68-4419-A6AF-FD0050667010} = {37F22012-3256-4D58-B24B-AD40AD2BA726}
		{19A186E2-738B-40B8-ACE0-CF307559D94A} = {37F22012-3256-4D58-B24B-AD40AD2BA726}
		{88C9C284-045C-4BFD-9DDE-0D1AFF3CE25D} = {92AC89FC-AE5B-49C9-8BFF-FC03BBA9ED89}
		{83C9A770-71D5-4C8B-9CD6-EF394251B471} = {7127AD80-BEE8-40EB-8719-07DD5940CD28}
		{38FF2CED-49B0-4CB1-AB63-A3E95EBB7C2C} = {83C9A770-71D5-4C8B-9CD6-EF394251B471}
		{4147D9CC-BA94-4681-9D1F-2777D11B3DA3} = {7127AD80-BEE8-40EB-8719-07DD5940CD28}
		{23817D29-E64D-4130-BD14-FF14611DDFC4} = {4147D9CC-BA94-4681-9D1F-2777D11B3DA3}
	EndGlobalSection
	GlobalSection(ExtensibilityGlobals) = postSolution
		SolutionGuid = {4510BC9B-5D67-496F-AC0C-9B06EF51D818}
	EndGlobalSection
EndGlobal
